// !$*UTF8*$!
{
	archiveVersion = 1;
	classes = {
	};
	objectVersion = 46;
	objects = {

/* Begin PBXBuildFile section */
		94240BAC1CCD1F79005EA374 /* Post.swift in Sources */ = {isa = PBXBuildFile; fileRef = 94240BAB1CCD1F79005EA374 /* Post.swift */; };
		94240BAE1CCD27D2005EA374 /* posts.json in Resources */ = {isa = PBXBuildFile; fileRef = 94240BAD1CCD27D2005EA374 /* posts.json */; };
		946188901CCCCDE9006307A6 /* AppDelegate.swift in Sources */ = {isa = PBXBuildFile; fileRef = 9461888F1CCCCDE9006307A6 /* AppDelegate.swift */; };
		946188921CCCCDE9006307A6 /* PostsViewController.swift in Sources */ = {isa = PBXBuildFile; fileRef = 946188911CCCCDE9006307A6 /* PostsViewController.swift */; };
		946188951CCCCDE9006307A6 /* Main.storyboard in Resources */ = {isa = PBXBuildFile; fileRef = 946188931CCCCDE9006307A6 /* Main.storyboard */; };
		946188971CCCCDE9006307A6 /* Assets.xcassets in Resources */ = {isa = PBXBuildFile; fileRef = 946188961CCCCDE9006307A6 /* Assets.xcassets */; };
		9461889A1CCCCDE9006307A6 /* LaunchScreen.storyboard in Resources */ = {isa = PBXBuildFile; fileRef = 946188981CCCCDE9006307A6 /* LaunchScreen.storyboard */; };
		946188A51CCCCDE9006307A6 /* PostDataSourceTests.swift in Sources */ = {isa = PBXBuildFile; fileRef = 946188A41CCCCDE9006307A6 /* PostDataSourceTests.swift */; };
		946188B01CCCCE9A006307A6 /* PostServiceLocator.swift in Sources */ = {isa = PBXBuildFile; fileRef = 946188AF1CCCCE9A006307A6 /* PostServiceLocator.swift */; };
		946188B21CCCCF59006307A6 /* Storyboard.swift in Sources */ = {isa = PBXBuildFile; fileRef = 946188B11CCCCF59006307A6 /* Storyboard.swift */; };
		946188B41CCCD0BF006307A6 /* DetailViewController.swift in Sources */ = {isa = PBXBuildFile; fileRef = 946188B31CCCD0BF006307A6 /* DetailViewController.swift */; };
		946188B61CCCD18A006307A6 /* PostDataSource.swift in Sources */ = {isa = PBXBuildFile; fileRef = 946188B51CCCD18A006307A6 /* PostDataSource.swift */; };
/* End PBXBuildFile section */

/* Begin PBXContainerItemProxy section */
		946188A11CCCCDE9006307A6 /* PBXContainerItemProxy */ = {
			isa = PBXContainerItemProxy;
			containerPortal = 946188841CCCCDE9006307A6 /* Project object */;
			proxyType = 1;
			remoteGlobalIDString = 9461888B1CCCCDE9006307A6;
			remoteInfo = ServiceLocator;
		};
/* End PBXContainerItemProxy section */

/* Begin PBXFileReference section */
		94240BAB1CCD1F79005EA374 /* Post.swift */ = {isa = PBXFileReference; fileEncoding = 4; lastKnownFileType = sourcecode.swift; path = Post.swift; sourceTree = "<group>"; };
		94240BAD1CCD27D2005EA374 /* posts.json */ = {isa = PBXFileReference; fileEncoding = 4; lastKnownFileType = text.json; path = posts.json; sourceTree = "<group>"; };
		9461888C1CCCCDE9006307A6 /* ServiceLocator.app */ = {isa = PBXFileReference; explicitFileType = wrapper.application; includeInIndex = 0; path = ServiceLocator.app; sourceTree = BUILT_PRODUCTS_DIR; };
		9461888F1CCCCDE9006307A6 /* AppDelegate.swift */ = {isa = PBXFileReference; lastKnownFileType = sourcecode.swift; path = AppDelegate.swift; sourceTree = "<group>"; };
		946188911CCCCDE9006307A6 /* PostsViewController.swift */ = {isa = PBXFileReference; lastKnownFileType = sourcecode.swift; path = PostsViewController.swift; sourceTree = "<group>"; };
		946188941CCCCDE9006307A6 /* Base */ = {isa = PBXFileReference; lastKnownFileType = file.storyboard; name = Base; path = Base.lproj/Main.storyboard; sourceTree = "<group>"; };
		946188961CCCCDE9006307A6 /* Assets.xcassets */ = {isa = PBXFileReference; lastKnownFileType = folder.assetcatalog; path = Assets.xcassets; sourceTree = "<group>"; };
		946188991CCCCDE9006307A6 /* Base */ = {isa = PBXFileReference; lastKnownFileType = file.storyboard; name = Base; path = Base.lproj/LaunchScreen.storyboard; sourceTree = "<group>"; };
		9461889B1CCCCDE9006307A6 /* Info.plist */ = {isa = PBXFileReference; lastKnownFileType = text.plist.xml; path = Info.plist; sourceTree = "<group>"; };
		946188A01CCCCDE9006307A6 /* ServiceLocatorTests.xctest */ = {isa = PBXFileReference; explicitFileType = wrapper.cfbundle; includeInIndex = 0; path = ServiceLocatorTests.xctest; sourceTree = BUILT_PRODUCTS_DIR; };
		946188A41CCCCDE9006307A6 /* PostDataSourceTests.swift */ = {isa = PBXFileReference; lastKnownFileType = sourcecode.swift; path = PostDataSourceTests.swift; sourceTree = "<group>"; };
		946188A61CCCCDE9006307A6 /* Info.plist */ = {isa = PBXFileReference; lastKnownFileType = text.plist.xml; path = Info.plist; sourceTree = "<group>"; };
		946188AF1CCCCE9A006307A6 /* PostServiceLocator.swift */ = {isa = PBXFileReference; fileEncoding = 4; lastKnownFileType = sourcecode.swift; path = PostServiceLocator.swift; sourceTree = "<group>"; };
		946188B11CCCCF59006307A6 /* Storyboard.swift */ = {isa = PBXFileReference; fileEncoding = 4; lastKnownFileType = sourcecode.swift; path = Storyboard.swift; sourceTree = "<group>"; };
		946188B31CCCD0BF006307A6 /* DetailViewController.swift */ = {isa = PBXFileReference; fileEncoding = 4; lastKnownFileType = sourcecode.swift; path = DetailViewController.swift; sourceTree = "<group>"; };
		946188B51CCCD18A006307A6 /* PostDataSource.swift */ = {isa = PBXFileReference; fileEncoding = 4; lastKnownFileType = sourcecode.swift; path = PostDataSource.swift; sourceTree = "<group>"; };
/* End PBXFileReference section */

/* Begin PBXFrameworksBuildPhase section */
		946188891CCCCDE9006307A6 /* Frameworks */ = {
			isa = PBXFrameworksBuildPhase;
			buildActionMask = 2147483647;
			files = (
			);
			runOnlyForDeploymentPostprocessing = 0;
		};
		9461889D1CCCCDE9006307A6 /* Frameworks */ = {
			isa = PBXFrameworksBuildPhase;
			buildActionMask = 2147483647;
			files = (
			);
			runOnlyForDeploymentPostprocessing = 0;
		};
/* End PBXFrameworksBuildPhase section */

/* Begin PBXGroup section */
		946188831CCCCDE9006307A6 = {
			isa = PBXGroup;
			children = (
				9461888E1CCCCDE9006307A6 /* ServiceLocator */,
				946188A31CCCCDE9006307A6 /* ServiceLocatorTests */,
				9461888D1CCCCDE9006307A6 /* Products */,
			);
			indentWidth = 2;
			sourceTree = "<group>";
			tabWidth = 2;
		};
		9461888D1CCCCDE9006307A6 /* Products */ = {
			isa = PBXGroup;
			children = (
				9461888C1CCCCDE9006307A6 /* ServiceLocator.app */,
				946188A01CCCCDE9006307A6 /* ServiceLocatorTests.xctest */,
			);
			name = Products;
			sourceTree = "<group>";
		};
		9461888E1CCCCDE9006307A6 /* ServiceLocator */ = {
			isa = PBXGroup;
			children = (
				9461888F1CCCCDE9006307A6 /* AppDelegate.swift */,
				946188911CCCCDE9006307A6 /* PostsViewController.swift */,
				946188B51CCCD18A006307A6 /* PostDataSource.swift */,
				946188931CCCCDE9006307A6 /* Main.storyboard */,
				946188961CCCCDE9006307A6 /* Assets.xcassets */,
				946188981CCCCDE9006307A6 /* LaunchScreen.storyboard */,
				9461889B1CCCCDE9006307A6 /* Info.plist */,
				946188AF1CCCCE9A006307A6 /* PostServiceLocator.swift */,
				946188B11CCCCF59006307A6 /* Storyboard.swift */,
				946188B31CCCD0BF006307A6 /* DetailViewController.swift */,
				94240BAB1CCD1F79005EA374 /* Post.swift */,
			);
			path = ServiceLocator;
			sourceTree = "<group>";
		};
		946188A31CCCCDE9006307A6 /* ServiceLocatorTests */ = {
			isa = PBXGroup;
			children = (
				946188A41CCCCDE9006307A6 /* PostDataSourceTests.swift */,
				946188A61CCCCDE9006307A6 /* Info.plist */,
				94240BAD1CCD27D2005EA374 /* posts.json */,
			);
			path = ServiceLocatorTests;
			sourceTree = "<group>";
		};
/* End PBXGroup section */

/* Begin PBXNativeTarget section */
		9461888B1CCCCDE9006307A6 /* ServiceLocator */ = {
			isa = PBXNativeTarget;
			buildConfigurationList = 946188A91CCCCDE9006307A6 /* Build configuration list for PBXNativeTarget "ServiceLocator" */;
			buildPhases = (
				946188881CCCCDE9006307A6 /* Sources */,
				946188891CCCCDE9006307A6 /* Frameworks */,
				9461888A1CCCCDE9006307A6 /* Resources */,
			);
			buildRules = (
			);
			dependencies = (
			);
			name = ServiceLocator;
			productName = ServiceLocator;
			productReference = 9461888C1CCCCDE9006307A6 /* ServiceLocator.app */;
			productType = "com.apple.product-type.application";
		};
		9461889F1CCCCDE9006307A6 /* ServiceLocatorTests */ = {
			isa = PBXNativeTarget;
			buildConfigurationList = 946188AC1CCCCDE9006307A6 /* Build configuration list for PBXNativeTarget "ServiceLocatorTests" */;
			buildPhases = (
				9461889C1CCCCDE9006307A6 /* Sources */,
				9461889D1CCCCDE9006307A6 /* Frameworks */,
				9461889E1CCCCDE9006307A6 /* Resources */,
			);
			buildRules = (
			);
			dependencies = (
				946188A21CCCCDE9006307A6 /* PBXTargetDependency */,
			);
			name = ServiceLocatorTests;
			productName = ServiceLocatorTests;
			productReference = 946188A01CCCCDE9006307A6 /* ServiceLocatorTests.xctest */;
			productType = "com.apple.product-type.bundle.unit-test";
		};
/* End PBXNativeTarget section */

/* Begin PBXProject section */
		946188841CCCCDE9006307A6 /* Project object */ = {
			isa = PBXProject;
			attributes = {
				LastSwiftUpdateCheck = 0730;
				LastUpgradeCheck = 0730;
				ORGANIZATIONNAME = "Jan Gorman";
				TargetAttributes = {
					9461888B1CCCCDE9006307A6 = {
						CreatedOnToolsVersion = 7.3;
					};
					9461889F1CCCCDE9006307A6 = {
						CreatedOnToolsVersion = 7.3;
						TestTargetID = 9461888B1CCCCDE9006307A6;
					};
				};
			};
			buildConfigurationList = 946188871CCCCDE9006307A6 /* Build configuration list for PBXProject "ServiceLocator" */;
			compatibilityVersion = "Xcode 3.2";
			developmentRegion = English;
			hasScannedForEncodings = 0;
			knownRegions = (
				en,
				Base,
			);
			mainGroup = 946188831CCCCDE9006307A6;
			productRefGroup = 9461888D1CCCCDE9006307A6 /* Products */;
			projectDirPath = "";
			projectRoot = "";
			targets = (
				9461888B1CCCCDE9006307A6 /* ServiceLocator */,
				9461889F1CCCCDE9006307A6 /* ServiceLocatorTests */,
			);
		};
/* End PBXProject section */

/* Begin PBXResourcesBuildPhase section */
		9461888A1CCCCDE9006307A6 /* Resources */ = {
			isa = PBXResourcesBuildPhase;
			buildActionMask = 2147483647;
			files = (
				9461889A1CCCCDE9006307A6 /* LaunchScreen.storyboard in Resources */,
				946188971CCCCDE9006307A6 /* Assets.xcassets in Resources */,
				946188951CCCCDE9006307A6 /* Main.storyboard in Resources */,
			);
			runOnlyForDeploymentPostprocessing = 0;
		};
		9461889E1CCCCDE9006307A6 /* Resources */ = {
			isa = PBXResourcesBuildPhase;
			buildActionMask = 2147483647;
			files = (
				94240BAE1CCD27D2005EA374 /* posts.json in Resources */,
			);
			runOnlyForDeploymentPostprocessing = 0;
		};
/* End PBXResourcesBuildPhase section */

/* Begin PBXSourcesBuildPhase section */
		946188881CCCCDE9006307A6 /* Sources */ = {
			isa = PBXSourcesBuildPhase;
			buildActionMask = 2147483647;
			files = (
				946188B21CCCCF59006307A6 /* Storyboard.swift in Sources */,
				946188B01CCCCE9A006307A6 /* PostServiceLocator.swift in Sources */,
				946188B61CCCD18A006307A6 /* PostDataSource.swift in Sources */,
				946188B41CCCD0BF006307A6 /* DetailViewController.swift in Sources */,
				946188921CCCCDE9006307A6 /* PostsViewController.swift in Sources */,
				94240BAC1CCD1F79005EA374 /* Post.swift in Sources */,
				946188901CCCCDE9006307A6 /* AppDelegate.swift in Sources */,
			);
			runOnlyForDeploymentPostprocessing = 0;
		};
		9461889C1CCCCDE9006307A6 /* Sources */ = {
			isa = PBXSourcesBuildPhase;
			buildActionMask = 2147483647;
			files = (
				946188A51CCCCDE9006307A6 /* PostDataSourceTests.swift in Sources */,
			);
			runOnlyForDeploymentPostprocessing = 0;
		};
/* End PBXSourcesBuildPhase section */

/* Begin PBXTargetDependency section */
		946188A21CCCCDE9006307A6 /* PBXTargetDependency */ = {
			isa = PBXTargetDependency;
			target = 9461888B1CCCCDE9006307A6 /* ServiceLocator */;
			targetProxy = 946188A11CCCCDE9006307A6 /* PBXContainerItemProxy */;
		};
/* End PBXTargetDependency section */

/* Begin PBXVariantGroup section */
		946188931CCCCDE9006307A6 /* Main.storyboard */ = {
			isa = PBXVariantGroup;
			children = (
				946188941CCCCDE9006307A6 /* Base */,
			);
			name = Main.storyboard;
			sourceTree = "<group>";
		};
		946188981CCCCDE9006307A6 /* LaunchScreen.storyboard */ = {
			isa = PBXVariantGroup;
			children = (
				946188991CCCCDE9006307A6 /* Base */,
			);
			name = LaunchScreen.storyboard;
			sourceTree = "<group>";
		};
/* End PBXVariantGroup section */

/* Begin XCBuildConfiguration section */
		946188A71CCCCDE9006307A6 /* Debug */ = {
			isa = XCBuildConfiguration;
			buildSettings = {
				ALWAYS_SEARCH_USER_PATHS = NO;
				CLANG_ANALYZER_NONNULL = YES;
				CLANG_CXX_LANGUAGE_STANDARD = "gnu++0x";
				CLANG_CXX_LIBRARY = "libc++";
				CLANG_ENABLE_MODULES = YES;
				CLANG_ENABLE_OBJC_ARC = YES;
				CLANG_WARN_BOOL_CONVERSION = YES;
				CLANG_WARN_CONSTANT_CONVERSION = YES;
				CLANG_WARN_DIRECT_OBJC_ISA_USAGE = YES_ERROR;
				CLANG_WARN_EMPTY_BODY = YES;
				CLANG_WARN_ENUM_CONVERSION = YES;
				CLANG_WARN_INT_CONVERSION = YES;
				CLANG_WARN_OBJC_ROOT_CLASS = YES_ERROR;
				CLANG_WARN_UNREACHABLE_CODE = YES;
				CLANG_WARN__DUPLICATE_METHOD_MATCH = YES;
				"CODE_SIGN_IDENTITY[sdk=iphoneos*]" = "iPhone Developer";
				COPY_PHASE_STRIP = NO;
				DEBUG_INFORMATION_FORMAT = dwarf;
				ENABLE_STRICT_OBJC_MSGSEND = YES;
				ENABLE_TESTABILITY = YES;
				GCC_C_LANGUAGE_STANDARD = gnu99;
				GCC_DYNAMIC_NO_PIC = NO;
				GCC_NO_COMMON_BLOCKS = YES;
				GCC_OPTIMIZATION_LEVEL = 0;
				GCC_PREPROCESSOR_DEFINITIONS = (
					"DEBUG=1",
					"$(inherited)",
				);
				GCC_WARN_64_TO_32_BIT_CONVERSION = YES;
				GCC_WARN_ABOUT_RETURN_TYPE = YES_ERROR;
				GCC_WARN_UNDECLARED_SELECTOR = YES;
				GCC_WARN_UNINITIALIZED_AUTOS = YES_AGGRESSIVE;
				GCC_WARN_UNUSED_FUNCTION = YES;
				GCC_WARN_UNUSED_VARIABLE = YES;
				IPHONEOS_DEPLOYMENT_TARGET = 9.3;
				MTL_ENABLE_DEBUG_INFO = YES;
				ONLY_ACTIVE_ARCH = YES;
				SDKROOT = iphoneos;
				SWIFT_OPTIMIZATION_LEVEL = "-Onone";
			};
			name = Debug;
		};
		946188A81CCCCDE9006307A6 /* Release */ = {
			isa = XCBuildConfiguration;
			buildSettings = {
				ALWAYS_SEARCH_USER_PATHS = NO;
				CLANG_ANALYZER_NONNULL = YES;
				CLANG_CXX_LANGUAGE_STANDARD = "gnu++0x";
				CLANG_CXX_LIBRARY = "libc++";
				CLANG_ENABLE_MODULES = YES;
				CLANG_ENABLE_OBJC_ARC = YES;
				CLANG_WARN_BOOL_CONVERSION = YES;
				CLANG_WARN_CONSTANT_CONVERSION = YES;
				CLANG_WARN_DIRECT_OBJC_ISA_USAGE = YES_ERROR;
				CLANG_WARN_EMPTY_BODY = YES;
				CLANG_WARN_ENUM_CONVERSION = YES;
				CLANG_WARN_INT_CONVERSION = YES;
				CLANG_WARN_OBJC_ROOT_CLASS = YES_ERROR;
				CLANG_WARN_UNREACHABLE_CODE = YES;
				CLANG_WARN__DUPLICATE_METHOD_MATCH = YES;
				"CODE_SIGN_IDENTITY[sdk=iphoneos*]" = "iPhone Developer";
				COPY_PHASE_STRIP = NO;
				DEBUG_INFORMATION_FORMAT = "dwarf-with-dsym";
				ENABLE_NS_ASSERTIONS = NO;
				ENABLE_STRICT_OBJC_MSGSEND = YES;
				GCC_C_LANGUAGE_STANDARD = gnu99;
				GCC_NO_COMMON_BLOCKS = YES;
				GCC_WARN_64_TO_32_BIT_CONVERSION = YES;
				GCC_WARN_ABOUT_RETURN_TYPE = YES_ERROR;
				GCC_WARN_UNDECLARED_SELECTOR = YES;
				GCC_WARN_UNINITIALIZED_AUTOS = YES_AGGRESSIVE;
				GCC_WARN_UNUSED_FUNCTION = YES;
				GCC_WARN_UNUSED_VARIABLE = YES;
				IPHONEOS_DEPLOYMENT_TARGET = 9.3;
				MTL_ENABLE_DEBUG_INFO = NO;
				SDKROOT = iphoneos;
				VALIDATE_PRODUCT = YES;
			};
			name = Release;
		};
		946188AA1CCCCDE9006307A6 /* Debug */ = {
			isa = XCBuildConfiguration;
			buildSettings = {
				ASSETCATALOG_COMPILER_APPICON_NAME = AppIcon;
				INFOPLIST_FILE = ServiceLocator/Info.plist;
				LD_RUNPATH_SEARCH_PATHS = "$(inherited) @executable_path/Frameworks";
				PRODUCT_BUNDLE_IDENTIFIER = com.schnaub.ServiceLocator;
				PRODUCT_NAME = "$(TARGET_NAME)";
			};
			name = Debug;
		};
		946188AB1CCCCDE9006307A6 /* Release */ = {
			isa = XCBuildConfiguration;
			buildSettings = {
				ASSETCATALOG_COMPILER_APPICON_NAME = AppIcon;
				INFOPLIST_FILE = ServiceLocator/Info.plist;
				LD_RUNPATH_SEARCH_PATHS = "$(inherited) @executable_path/Frameworks";
				PRODUCT_BUNDLE_IDENTIFIER = com.schnaub.ServiceLocator;
				PRODUCT_NAME = "$(TARGET_NAME)";
			};
			name = Release;
		};
		946188AD1CCCCDE9006307A6 /* Debug */ = {
			isa = XCBuildConfiguration;
			buildSettings = {
				BUNDLE_LOADER = "$(TEST_HOST)";
				INFOPLIST_FILE = ServiceLocatorTests/Info.plist;
				LD_RUNPATH_SEARCH_PATHS = "$(inherited) @executable_path/Frameworks @loader_path/Frameworks";
				PRODUCT_BUNDLE_IDENTIFIER = com.schnaub.ServiceLocatorTests;
				PRODUCT_NAME = "$(TARGET_NAME)";
				TEST_HOST = "$(BUILT_PRODUCTS_DIR)/ServiceLocator.app/ServiceLocator";
			};
			name = Debug;
		};
		946188AE1CCCCDE9006307A6 /* Release */ = {
			isa = XCBuildConfiguration;
			buildSettings = {
				BUNDLE_LOADER = "$(TEST_HOST)";
				INFOPLIST_FILE = ServiceLocatorTests/Info.plist;
				LD_RUNPATH_SEARCH_PATHS = "$(inherited) @executable_path/Frameworks @loader_path/Frameworks";
				PRODUCT_BUNDLE_IDENTIFIER = com.schnaub.ServiceLocatorTests;
				PRODUCT_NAME = "$(TARGET_NAME)";
				TEST_HOST = "$(BUILT_PRODUCTS_DIR)/ServiceLocator.app/ServiceLocator";
			};
			name = Release;
		};
/* End XCBuildConfiguration section */

/* Begin XCConfigurationList section */
		946188871CCCCDE9006307A6 /* Build configuration list for PBXProject "ServiceLocator" */ = {
			isa = XCConfigurationList;
			buildConfigurations = (
				946188A71CCCCDE9006307A6 /* Debug */,
				946188A81CCCCDE9006307A6 /* Release */,
			);
			defaultConfigurationIsVisible = 0;
			defaultConfigurationName = Release;
		};
		946188A91CCCCDE9006307A6 /* Build configuration list for PBXNativeTarget "ServiceLocator" */ = {
			isa = XCConfigurationList;
			buildConfigurations = (
				946188AA1CCCCDE9006307A6 /* Debug */,
				946188AB1CCCCDE9006307A6 /* Release */,
			);
			defaultConfigurationIsVisible = 0;
			defaultConfigurationName = Release;
		};
		946188AC1CCCCDE9006307A6 /* Build configuration list for PBXNativeTarget "ServiceLocatorTests" */ = {
			isa = XCConfigurationList;
			buildConfigurations = (
				946188AD1CCCCDE9006307A6 /* Debug */,
				946188AE1CCCCDE9006307A6 /* Release */,
			);
			defaultConfigurationIsVisible = 0;
			defaultConfigurationName = Release;
		};
/* End XCConfigurationList section */
	};
	rootObject = 946188841CCCCDE9006307A6 /* Project object */;
}
